# This file is @generated by PDM.
# It is not intended for manual editing.

[metadata]
groups = ["default"]
strategy = ["cross_platform", "inherit_metadata"]
lock_version = "4.4.1"
content_hash = "sha256:a1f39f9a6abc263b3cc9185daa7548cfbd9fe7651e52257a679ec9fe335deade"

[[package]]
name = "confluent-kafka"
version = "2.4.0"
summary = "Confluent's Python client for Apache Kafka"
groups = ["default"]
files = [
    {file = "confluent-kafka-2.4.0.tar.gz", hash = "sha256:201c6182304c5864c8a1b1aae2f99bf51fa332017abbec05a3a1fb2ff242c41d"},
    {file = "confluent_kafka-2.4.0-cp312-cp312-macosx_10_9_x86_64.whl", hash = "sha256:a11acfd79f0448095c6492d2ea34cd3df4864d78d72326bed0859d875eb7a62d"},
    {file = "confluent_kafka-2.4.0-cp312-cp312-macosx_11_0_arm64.whl", hash = "sha256:dd53d58a6648e4d5e435ff5178248b91af050a4478ed51a95b2b0eaedddafdb1"},
    {file = "confluent_kafka-2.4.0-cp312-cp312-manylinux_2_17_x86_64.manylinux2014_x86_64.whl", hash = "sha256:8a5e9cc9fff71c70f1520ab917f33cf66181b29c46cf9940da1af6a52cc086a6"},
    {file = "confluent_kafka-2.4.0-cp312-cp312-manylinux_2_28_aarch64.whl", hash = "sha256:b0d5a2d7563b9ca9bef09668d6aae6e360f1e9455672dc0886d78d76ced682c9"},
    {file = "confluent_kafka-2.4.0-cp312-cp312-win_amd64.whl", hash = "sha256:d09aa0c67532c47ec6cd08c50feaa8338e77d18fc83181c46e5a5cb88a5b25ce"},
]

[[package]]
name = "py4j"
version = "0.10.9.7"
summary = "Enables Python programs to dynamically access arbitrary Java objects"
groups = ["default"]
files = [
    {file = "py4j-0.10.9.7-py2.py3-none-any.whl", hash = "sha256:85defdfd2b2376eb3abf5ca6474b51ab7e0de341c75a02f46dc9b5976f5a5c1b"},
    {file = "py4j-0.10.9.7.tar.gz", hash = "sha256:0b6e5315bb3ada5cf62ac651d107bb2ebc02def3dee9d9548e3baac644ea8dbb"},
]

[[package]]
name = "pyspark"
version = "3.5.1"
requires_python = ">=3.8"
summary = "Apache Spark Python API"
groups = ["default"]
dependencies = [
    "py4j==0.10.9.7",
]
files = [
    {file = "pyspark-3.5.1.tar.gz", hash = "sha256:dd6569e547365eadc4f887bf57f153e4d582a68c4b490de475d55b9981664910"},
]

[[package]]
name = "simplejson"
version = "3.19.2"
requires_python = ">=2.5, !=3.0.*, !=3.1.*, !=3.2.*"
summary = "Simple, fast, extensible JSON encoder/decoder for Python"
groups = ["default"]
files = [
    {file = "simplejson-3.19.2-cp312-cp312-macosx_10_9_universal2.whl", hash = "sha256:b8d940fd28eb34a7084877747a60873956893e377f15a32ad445fe66c972c3b8"},
    {file = "simplejson-3.19.2-cp312-cp312-macosx_10_9_x86_64.whl", hash = "sha256:4969d974d9db826a2c07671273e6b27bc48e940738d768fa8f33b577f0978378"},
    {file = "simplejson-3.19.2-cp312-cp312-macosx_11_0_arm64.whl", hash = "sha256:c594642d6b13d225e10df5c16ee15b3398e21a35ecd6aee824f107a625690374"},
    {file = "simplejson-3.19.2-cp312-cp312-manylinux_2_17_aarch64.manylinux2014_aarch64.whl", hash = "sha256:e2f5a398b5e77bb01b23d92872255e1bcb3c0c719a3be40b8df146570fe7781a"},
    {file = "simplejson-3.19.2-cp312-cp312-manylinux_2_17_ppc64le.manylinux2014_ppc64le.whl", hash = "sha256:176a1b524a3bd3314ed47029a86d02d5a95cc0bee15bd3063a1e1ec62b947de6"},
    {file = "simplejson-3.19.2-cp312-cp312-manylinux_2_5_i686.manylinux1_i686.manylinux_2_17_i686.manylinux2014_i686.whl", hash = "sha256:f3c7363a8cb8c5238878ec96c5eb0fc5ca2cb11fc0c7d2379863d342c6ee367a"},
    {file = "simplejson-3.19.2-cp312-cp312-manylinux_2_5_x86_64.manylinux1_x86_64.manylinux_2_17_x86_64.manylinux2014_x86_64.whl", hash = "sha256:346820ae96aa90c7d52653539a57766f10f33dd4be609206c001432b59ddf89f"},
    {file = "simplejson-3.19.2-cp312-cp312-musllinux_1_1_aarch64.whl", hash = "sha256:de9a2792612ec6def556d1dc621fd6b2073aff015d64fba9f3e53349ad292734"},
    {file = "simplejson-3.19.2-cp312-cp312-musllinux_1_1_i686.whl", hash = "sha256:1c768e7584c45094dca4b334af361e43b0aaa4844c04945ac7d43379eeda9bc2"},
    {file = "simplejson-3.19.2-cp312-cp312-musllinux_1_1_ppc64le.whl", hash = "sha256:9652e59c022e62a5b58a6f9948b104e5bb96d3b06940c6482588176f40f4914b"},
    {file = "simplejson-3.19.2-cp312-cp312-musllinux_1_1_x86_64.whl", hash = "sha256:9c1a4393242e321e344213a90a1e3bf35d2f624aa8b8f6174d43e3c6b0e8f6eb"},
    {file = "simplejson-3.19.2-cp312-cp312-win32.whl", hash = "sha256:7cb98be113911cb0ad09e5523d0e2a926c09a465c9abb0784c9269efe4f95917"},
    {file = "simplejson-3.19.2-cp312-cp312-win_amd64.whl", hash = "sha256:6779105d2fcb7fcf794a6a2a233787f6bbd4731227333a072d8513b252ed374f"},
    {file = "simplejson-3.19.2-py3-none-any.whl", hash = "sha256:bcedf4cae0d47839fee7de344f96b5694ca53c786f28b5f773d4f0b265a159eb"},
    {file = "simplejson-3.19.2.tar.gz", hash = "sha256:9eb442a2442ce417801c912df68e1f6ccfcd41577ae7274953ab3ad24ef7d82c"},
]
